github.com/google/go-cmp v0.5.9 h1:O2Tfq5qg4qc4AmwVlvv0oLiVAGB7enBSJ2x2DqQFi38=
github.com/xh3b4sd/budget/v3 v3.3.0 h1:/mg11kyDuYHI4LOT8hctLsVnK6ZeGN+/Rw5wzZ/Zhlk=
github.com/xh3b4sd/budget/v3 v3.3.0/go.mod h1:epHdjvXVpg5PE63RcBirhgY8D/vVa5dbXkDjQ/ycT40=
github.com/xh3b4sd/framer v0.4.0 h1:p3xOz9i45rJIuNUog+o30iMOhzzRac091D1zlRzmXMU=
github.com/xh3b4sd/framer v0.4.0/go.mod h1:O9mbD97ERLQJ3d8gO7Sq4Hy9WNDoYIT43Z/okh/j+UU=
github.com/xh3b4sd/tracer v0.5.1 h1:Y4639ve7PT+1MSiq0I3Yi7vOeJAYBKgzlSR68jA+SuI=
github.com/xh3b4sd/tracer v0.5.1/go.mod h1:sYg6KI0svCEb2an8Hf0cYR0rOY94bIrN27TRsJi4+x4=
